// !$*UTF8*$!
{
	archiveVersion = 1;
	classes = {
	};
	objectVersion = 50;
	objects = {

/* Begin PBXBuildFile section */
		240A77522581E42400DB60CF /* AppDelegate.swift in Sources */ = {isa = PBXBuildFile; fileRef = 240A77512581E42400DB60CF /* AppDelegate.swift */; };
		240A77542581E42400DB60CF /* SceneDelegate.swift in Sources */ = {isa = PBXBuildFile; fileRef = 240A77532581E42400DB60CF /* SceneDelegate.swift */; };
		240A77562581E42400DB60CF /* ViewController.swift in Sources */ = {isa = PBXBuildFile; fileRef = 240A77552581E42400DB60CF /* ViewController.swift */; };
		240A77592581E42400DB60CF /* Main.storyboard in Resources */ = {isa = PBXBuildFile; fileRef = 240A77572581E42400DB60CF /* Main.storyboard */; };
		240A775B2581E42700DB60CF /* Assets.xcassets in Resources */ = {isa = PBXBuildFile; fileRef = 240A775A2581E42700DB60CF /* Assets.xcassets */; };
		240A775E2581E42700DB60CF /* LaunchScreen.storyboard in Resources */ = {isa = PBXBuildFile; fileRef = 240A775C2581E42700DB60CF /* LaunchScreen.storyboard */; };
		240A77692581E42700DB60CF /* collectionTests.swift in Sources */ = {isa = PBXBuildFile; fileRef = 240A77682581E42700DB60CF /* collectionTests.swift */; };
		240A77742581E42700DB60CF /* collectionUITests.swift in Sources */ = {isa = PBXBuildFile; fileRef = 240A77732581E42700DB60CF /* collectionUITests.swift */; };
/* End PBXBuildFile section */

/* Begin PBXContainerItemProxy section */
		240A77652581E42700DB60CF /* PBXContainerItemProxy */ = {
			isa = PBXContainerItemProxy;
			containerPortal = 240A77462581E42400DB60CF /* Project object */;
			proxyType = 1;
			remoteGlobalIDString = 240A774D2581E42400DB60CF;
			remoteInfo = collection;
		};
		240A77702581E42700DB60CF /* PBXContainerItemProxy */ = {
			isa = PBXContainerItemProxy;
			containerPortal = 240A77462581E42400DB60CF /* Project object */;
			proxyType = 1;
			remoteGlobalIDString = 240A774D2581E42400DB60CF;
			remoteInfo = collection;
		};
/* End PBXContainerItemProxy section */

/* Begin PBXFileReference section */
		240A774E2581E42400DB60CF /* collection.app */ = {isa = PBXFileReference; explicitFileType = wrapper.application; includeInIndex = 0; path = collection.app; sourceTree = BUILT_PRODUCTS_DIR; };
		240A77512581E42400DB60CF /* AppDelegate.swift */ = {isa = PBXFileReference; lastKnownFileType = sourcecode.swift; path = AppDelegate.swift; sourceTree = "<group>"; };
		240A77532581E42400DB60CF /* SceneDelegate.swift */ = {isa = PBXFileReference; lastKnownFileType = sourcecode.swift; path = SceneDelegate.swift; sourceTree = "<group>"; };
		240A77552581E42400DB60CF /* ViewController.swift */ = {isa = PBXFileReference; lastKnownFileType = sourcecode.swift; path = ViewController.swift; sourceTree = "<group>"; };
		240A77582581E42400DB60CF /* Base */ = {isa = PBXFileReference; lastKnownFileType = file.storyboard; name = Base; path = Base.lproj/Main.storyboard; sourceTree = "<group>"; };
		240A775A2581E42700DB60CF /* Assets.xcassets */ = {isa = PBXFileReference; lastKnownFileType = folder.assetcatalog; path = Assets.xcassets; sourceTree = "<group>"; };
		240A775D2581E42700DB60CF /* Base */ = {isa = PBXFileReference; lastKnownFileType = file.storyboard; name = Base; path = Base.lproj/LaunchScreen.storyboard; sourceTree = "<group>"; };
		240A775F2581E42700DB60CF /* Info.plist */ = {isa = PBXFileReference; lastKnownFileType = text.plist.xml; path = Info.plist; sourceTree = "<group>"; };
		240A77642581E42700DB60CF /* collectionTests.xctest */ = {isa = PBXFileReference; explicitFileType = wrapper.cfbundle; includeInIndex = 0; path = collectionTests.xctest; sourceTree = BUILT_PRODUCTS_DIR; };
		240A77682581E42700DB60CF /* collectionTests.swift */ = {isa = PBXFileReference; lastKnownFileType = sourcecode.swift; path = collectionTests.swift; sourceTree = "<group>"; };
		240A776A2581E42700DB60CF /* Info.plist */ = {isa = PBXFileReference; lastKnownFileType = text.plist.xml; path = Info.plist; sourceTree = "<group>"; };
		240A776F2581E42700DB60CF /* collectionUITests.xctest */ = {isa = PBXFileReference; explicitFileType = wrapper.cfbundle; includeInIndex = 0; path = collectionUITests.xctest; sourceTree = BUILT_PRODUCTS_DIR; };
		240A77732581E42700DB60CF /* collectionUITests.swift */ = {isa = PBXFileReference; lastKnownFileType = sourcecode.swift; path = collectionUITests.swift; sourceTree = "<group>"; };
		240A77752581E42700DB60CF /* Info.plist */ = {isa = PBXFileReference; lastKnownFileType = text.plist.xml; path = Info.plist; sourceTree = "<group>"; };
/* End PBXFileReference section */

/* Begin PBXFrameworksBuildPhase section */
		240A774B2581E42400DB60CF /* Frameworks */ = {
			isa = PBXFrameworksBuildPhase;
			buildActionMask = 2147483647;
			files = (
			);
			runOnlyForDeploymentPostprocessing = 0;
		};
		240A77612581E42700DB60CF /* Frameworks */ = {
			isa = PBXFrameworksBuildPhase;
			buildActionMask = 2147483647;
			files = (
			);
			runOnlyForDeploymentPostprocessing = 0;
		};
		240A776C2581E42700DB60CF /* Frameworks */ = {
			isa = PBXFrameworksBuildPhase;
			buildActionMask = 2147483647;
			files = (
			);
			runOnlyForDeploymentPostprocessing = 0;
		};
/* End PBXFrameworksBuildPhase section */

/* Begin PBXGroup section */
		240A77452581E42400DB60CF = {
			isa = PBXGroup;
			children = (
				240A77502581E42400DB60CF /* collection */,
				240A77672581E42700DB60CF /* collectionTests */,
				240A77722581E42700DB60CF /* collectionUITests */,
				240A774F2581E42400DB60CF /* Products */,
			);
			sourceTree = "<group>";
		};
		240A774F2581E42400DB60CF /* Products */ = {
			isa = PBXGroup;
			children = (
				240A774E2581E42400DB60CF /* collection.app */,
				240A77642581E42700DB60CF /* collectionTests.xctest */,
				240A776F2581E42700DB60CF /* collectionUITests.xctest */,
			);
			name = Products;
			sourceTree = "<group>";
		};
		240A77502581E42400DB60CF /* collection */ = {
			isa = PBXGroup;
			children = (
				240A77512581E42400DB60CF /* AppDelegate.swift */,
				240A77532581E42400DB60CF /* SceneDelegate.swift */,
				240A77552581E42400DB60CF /* ViewController.swift */,
				240A77572581E42400DB60CF /* Main.storyboard */,
				240A775A2581E42700DB60CF /* Assets.xcassets */,
				240A775C2581E42700DB60CF /* LaunchScreen.storyboard */,
				240A775F2581E42700DB60CF /* Info.plist */,
			);
			path = collection;
			sourceTree = "<group>";
		};
		240A77672581E42700DB60CF /* collectionTests */ = {
			isa = PBXGroup;
			children = (
				240A77682581E42700DB60CF /* collectionTests.swift */,
				240A776A2581E42700DB60CF /* Info.plist */,
			);
			path = collectionTests;
			sourceTree = "<group>";
		};
		240A77722581E42700DB60CF /* collectionUITests */ = {
			isa = PBXGroup;
			children = (
				240A77732581E42700DB60CF /* collectionUITests.swift */,
				240A77752581E42700DB60CF /* Info.plist */,
			);
			path = collectionUITests;
			sourceTree = "<group>";
		};
/* End PBXGroup section */

/* Begin PBXNativeTarget section */
		240A774D2581E42400DB60CF /* collection */ = {
			isa = PBXNativeTarget;
			buildConfigurationList = 240A77782581E42700DB60CF /* Build configuration list for PBXNativeTarget "collection" */;
			buildPhases = (
				240A774A2581E42400DB60CF /* Sources */,
				240A774B2581E42400DB60CF /* Frameworks */,
				240A774C2581E42400DB60CF /* Resources */,
			);
			buildRules = (
			);
			dependencies = (
			);
			name = collection;
			productName = collection;
			productReference = 240A774E2581E42400DB60CF /* collection.app */;
			productType = "com.apple.product-type.application";
		};
		240A77632581E42700DB60CF /* collectionTests */ = {
			isa = PBXNativeTarget;
			buildConfigurationList = 240A777B2581E42700DB60CF /* Build configuration list for PBXNativeTarget "collectionTests" */;
			buildPhases = (
				240A77602581E42700DB60CF /* Sources */,
				240A77612581E42700DB60CF /* Frameworks */,
				240A77622581E42700DB60CF /* Resources */,
			);
			buildRules = (
			);
			dependencies = (
				240A77662581E42700DB60CF /* PBXTargetDependency */,
			);
			name = collectionTests;
			productName = collectionTests;
			productReference = 240A77642581E42700DB60CF /* collectionTests.xctest */;
			productType = "com.apple.product-type.bundle.unit-test";
		};
		240A776E2581E42700DB60CF /* collectionUITests */ = {
			isa = PBXNativeTarget;
			buildConfigurationList = 240A777E2581E42700DB60CF /* Build configuration list for PBXNativeTarget "collectionUITests" */;
			buildPhases = (
				240A776B2581E42700DB60CF /* Sources */,
				240A776C2581E42700DB60CF /* Frameworks */,
				240A776D2581E42700DB60CF /* Resources */,
			);
			buildRules = (
			);
			dependencies = (
				240A77712581E42700DB60CF /* PBXTargetDependency */,
			);
			name = collectionUITests;
			productName = collectionUITests;
			productReference = 240A776F2581E42700DB60CF /* collectionUITests.xctest */;
			productType = "com.apple.product-type.bundle.ui-testing";
		};
/* End PBXNativeTarget section */

/* Begin PBXProject section */
		240A77462581E42400DB60CF /* Project object */ = {
			isa = PBXProject;
			attributes = {
				LastSwiftUpdateCheck = 1220;
				LastUpgradeCheck = 1220;
				TargetAttributes = {
					240A774D2581E42400DB60CF = {
						CreatedOnToolsVersion = 12.2;
					};
					240A77632581E42700DB60CF = {
						CreatedOnToolsVersion = 12.2;
						TestTargetID = 240A774D2581E42400DB60CF;
					};
					240A776E2581E42700DB60CF = {
						CreatedOnToolsVersion = 12.2;
						TestTargetID = 240A774D2581E42400DB60CF;
					};
				};
			};
			buildConfigurationList = 240A77492581E42400DB60CF /* Build configuration list for PBXProject "collection" */;
			compatibilityVersion = "Xcode 9.3";
			developmentRegion = en;
			hasScannedForEncodings = 0;
			knownRegions = (
				en,
				Base,
			);
			mainGroup = 240A77452581E42400DB60CF;
			productRefGroup = 240A774F2581E42400DB60CF /* Products */;
			projectDirPath = "";
			projectRoot = "";
			targets = (
				240A774D2581E42400DB60CF /* collection */,
				240A77632581E42700DB60CF /* collectionTests */,
				240A776E2581E42700DB60CF /* collectionUITests */,
			);
		};
/* End PBXProject section */

/* Begin PBXResourcesBuildPhase section */
		240A774C2581E42400DB60CF /* Resources */ = {
			isa = PBXResourcesBuildPhase;
			buildActionMask = 2147483647;
			files = (
				240A775E2581E42700DB60CF /* LaunchScreen.storyboard in Resources */,
				240A775B2581E42700DB60CF /* Assets.xcassets in Resources */,
				240A77592581E42400DB60CF /* Main.storyboard in Resources */,
			);
			runOnlyForDeploymentPostprocessing = 0;
		};
		240A77622581E42700DB60CF /* Resources */ = {
			isa = PBXResourcesBuildPhase;
			buildActionMask = 2147483647;
			files = (
			);
			runOnlyForDeploymentPostprocessing = 0;
		};
		240A776D2581E42700DB60CF /* Resources */ = {
			isa = PBXResourcesBuildPhase;
			buildActionMask = 2147483647;
			files = (
			);
			runOnlyForDeploymentPostprocessing = 0;
		};
/* End PBXResourcesBuildPhase section */

/* Begin PBXSourcesBuildPhase section */
		240A774A2581E42400DB60CF /* Sources */ = {
			isa = PBXSourcesBuildPhase;
			buildActionMask = 2147483647;
			files = (
				240A77562581E42400DB60CF /* ViewController.swift in Sources */,
				240A77522581E42400DB60CF /* AppDelegate.swift in Sources */,
				240A77542581E42400DB60CF /* SceneDelegate.swift in Sources */,
			);
			runOnlyForDeploymentPostprocessing = 0;
		};
		240A77602581E42700DB60CF /* Sources */ = {
			isa = PBXSourcesBuildPhase;
			buildActionMask = 2147483647;
			files = (
				240A77692581E42700DB60CF /* collectionTests.swift in Sources */,
			);
			runOnlyForDeploymentPostprocessing = 0;
		};
		240A776B2581E42700DB60CF /* Sources */ = {
			isa = PBXSourcesBuildPhase;
			buildActionMask = 2147483647;
			files = (
				240A77742581E42700DB60CF /* collectionUITests.swift in Sources */,
			);
			runOnlyForDeploymentPostprocessing = 0;
		};
/* End PBXSourcesBuildPhase section */

/* Begin PBXTargetDependency section */
		240A77662581E42700DB60CF /* PBXTargetDependency */ = {
			isa = PBXTargetDependency;
			target = 240A774D2581E42400DB60CF /* collection */;
			targetProxy = 240A77652581E42700DB60CF /* PBXContainerItemProxy */;
		};
		240A77712581E42700DB60CF /* PBXTargetDependency */ = {
			isa = PBXTargetDependency;
			target = 240A774D2581E42400DB60CF /* collection */;
			targetProxy = 240A77702581E42700DB60CF /* PBXContainerItemProxy */;
		};
/* End PBXTargetDependency section */

/* Begin PBXVariantGroup section */
		240A77572581E42400DB60CF /* Main.storyboard */ = {
			isa = PBXVariantGroup;
			children = (
				240A77582581E42400DB60CF /* Base */,
			);
			name = Main.storyboard;
			sourceTree = "<group>";
		};
		240A775C2581E42700DB60CF /* LaunchScreen.storyboard */ = {
			isa = PBXVariantGroup;
			children = (
				240A775D2581E42700DB60CF /* Base */,
			);
			name = LaunchScreen.storyboard;
			sourceTree = "<group>";
		};
/* End PBXVariantGroup section */

/* Begin XCBuildConfiguration section */
		240A77762581E42700DB60CF /* Debug */ = {
			isa = XCBuildConfiguration;
			buildSettings = {
				ALWAYS_SEARCH_USER_PATHS = NO;
				CLANG_ANALYZER_NONNULL = YES;
				CLANG_ANALYZER_NUMBER_OBJECT_CONVERSION = YES_AGGRESSIVE;
				CLANG_CXX_LANGUAGE_STANDARD = "gnu++14";
				CLANG_CXX_LIBRARY = "libc++";
				CLANG_ENABLE_MODULES = YES;
				CLANG_ENABLE_OBJC_ARC = YES;
				CLANG_ENABLE_OBJC_WEAK = YES;
				CLANG_WARN_BLOCK_CAPTURE_AUTORELEASING = YES;
				CLANG_WARN_BOOL_CONVERSION = YES;
				CLANG_WARN_COMMA = YES;
				CLANG_WARN_CONSTANT_CONVERSION = YES;
				CLANG_WARN_DEPRECATED_OBJC_IMPLEMENTATIONS = YES;
				CLANG_WARN_DIRECT_OBJC_ISA_USAGE = YES_ERROR;
				CLANG_WARN_DOCUMENTATION_COMMENTS = YES;
				CLANG_WARN_EMPTY_BODY = YES;
				CLANG_WARN_ENUM_CONVERSION = YES;
				CLANG_WARN_INFINITE_RECURSION = YES;
				CLANG_WARN_INT_CONVERSION = YES;
				CLANG_WARN_NON_LITERAL_NULL_CONVERSION = YES;
				CLANG_WARN_OBJC_IMPLICIT_RETAIN_SELF = YES;
				CLANG_WARN_OBJC_LITERAL_CONVERSION = YES;
				CLANG_WARN_OBJC_ROOT_CLASS = YES_ERROR;
				CLANG_WARN_QUOTED_INCLUDE_IN_FRAMEWORK_HEADER = YES;
				CLANG_WARN_RANGE_LOOP_ANALYSIS = YES;
				CLANG_WARN_STRICT_PROTOTYPES = YES;
				CLANG_WARN_SUSPICIOUS_MOVE = YES;
				CLANG_WARN_UNGUARDED_AVAILABILITY = YES_AGGRESSIVE;
				CLANG_WARN_UNREACHABLE_CODE = YES;
				CLANG_WARN__DUPLICATE_METHOD_MATCH = YES;
				COPY_PHASE_STRIP = NO;
				DEBUG_INFORMATION_FORMAT = dwarf;
				ENABLE_STRICT_OBJC_MSGSEND = YES;
				ENABLE_TESTABILITY = YES;
				GCC_C_LANGUAGE_STANDARD = gnu11;
				GCC_DYNAMIC_NO_PIC = NO;
				GCC_NO_COMMON_BLOCKS = YES;
				GCC_OPTIMIZATION_LEVEL = 0;
				GCC_PREPROCESSOR_DEFINITIONS = (
					"DEBUG=1",
					"$(inherited)",
				);
				GCC_WARN_64_TO_32_BIT_CONVERSION = YES;
				GCC_WARN_ABOUT_RETURN_TYPE = YES_ERROR;
				GCC_WARN_UNDECLARED_SELECTOR = YES;
				GCC_WARN_UNINITIALIZED_AUTOS = YES_AGGRESSIVE;
				GCC_WARN_UNUSED_FUNCTION = YES;
				GCC_WARN_UNUSED_VARIABLE = YES;
				IPHONEOS_DEPLOYMENT_TARGET = 14.2;
				MTL_ENABLE_DEBUG_INFO = INCLUDE_SOURCE;
				MTL_FAST_MATH = YES;
				ONLY_ACTIVE_ARCH = YES;
				SDKROOT = iphoneos;
				SWIFT_ACTIVE_COMPILATION_CONDITIONS = DEBUG;
				SWIFT_OPTIMIZATION_LEVEL = "-Onone";
			};
			name = Debug;
		};
		240A77772581E42700DB60CF /* Release */ = {
			isa = XCBuildConfiguration;
			buildSettings = {
				ALWAYS_SEARCH_USER_PATHS = NO;
				CLANG_ANALYZER_NONNULL = YES;
				CLANG_ANALYZER_NUMBER_OBJECT_CONVERSION = YES_AGGRESSIVE;
				CLANG_CXX_LANGUAGE_STANDARD = "gnu++14";
				CLANG_CXX_LIBRARY = "libc++";
				CLANG_ENABLE_MODULES = YES;
				CLANG_ENABLE_OBJC_ARC = YES;
				CLANG_ENABLE_OBJC_WEAK = YES;
				CLANG_WARN_BLOCK_CAPTURE_AUTORELEASING = YES;
				CLANG_WARN_BOOL_CONVERSION = YES;
				CLANG_WARN_COMMA = YES;
				CLANG_WARN_CONSTANT_CONVERSION = YES;
				CLANG_WARN_DEPRECATED_OBJC_IMPLEMENTATIONS = YES;
				CLANG_WARN_DIRECT_OBJC_ISA_USAGE = YES_ERROR;
				CLANG_WARN_DOCUMENTATION_COMMENTS = YES;
				CLANG_WARN_EMPTY_BODY = YES;
				CLANG_WARN_ENUM_CONVERSION = YES;
				CLANG_WARN_INFINITE_RECURSION = YES;
				CLANG_WARN_INT_CONVERSION = YES;
				CLANG_WARN_NON_LITERAL_NULL_CONVERSION = YES;
				CLANG_WARN_OBJC_IMPLICIT_RETAIN_SELF = YES;
				CLANG_WARN_OBJC_LITERAL_CONVERSION = YES;
				CLANG_WARN_OBJC_ROOT_CLASS = YES_ERROR;
				CLANG_WARN_QUOTED_INCLUDE_IN_FRAMEWORK_HEADER = YES;
				CLANG_WARN_RANGE_LOOP_ANALYSIS = YES;
				CLANG_WARN_STRICT_PROTOTYPES = YES;
				CLANG_WARN_SUSPICIOUS_MOVE = YES;
				CLANG_WARN_UNGUARDED_AVAILABILITY = YES_AGGRESSIVE;
				CLANG_WARN_UNREACHABLE_CODE = YES;
				CLANG_WARN__DUPLICATE_METHOD_MATCH = YES;
				COPY_PHASE_STRIP = NO;
				DEBUG_INFORMATION_FORMAT = "dwarf-with-dsym";
				ENABLE_NS_ASSERTIONS = NO;
				ENABLE_STRICT_OBJC_MSGSEND = YES;
				GCC_C_LANGUAGE_STANDARD = gnu11;
				GCC_NO_COMMON_BLOCKS = YES;
				GCC_WARN_64_TO_32_BIT_CONVERSION = YES;
				GCC_WARN_ABOUT_RETURN_TYPE = YES_ERROR;
				GCC_WARN_UNDECLARED_SELECTOR = YES;
				GCC_WARN_UNINITIALIZED_AUTOS = YES_AGGRESSIVE;
				GCC_WARN_UNUSED_FUNCTION = YES;
				GCC_WARN_UNUSED_VARIABLE = YES;
				IPHONEOS_DEPLOYMENT_TARGET = 14.2;
				MTL_ENABLE_DEBUG_INFO = NO;
				MTL_FAST_MATH = YES;
				SDKROOT = iphoneos;
				SWIFT_COMPILATION_MODE = wholemodule;
				SWIFT_OPTIMIZATION_LEVEL = "-O";
				VALIDATE_PRODUCT = YES;
			};
			name = Release;
		};
		240A77792581E42700DB60CF /* Debug */ = {
			isa = XCBuildConfiguration;
			buildSettings = {
				ASSETCATALOG_COMPILER_APPICON_NAME = AppIcon;
				ASSETCATALOG_COMPILER_GLOBAL_ACCENT_COLOR_NAME = AccentColor;
				CODE_SIGN_STYLE = Automatic;
				INFOPLIST_FILE = collection/Info.plist;
				LD_RUNPATH_SEARCH_PATHS = (
					"$(inherited)",
					"@executable_path/Frameworks",
				);
				PRODUCT_BUNDLE_IDENTIFIER = arbe.collection;
				PRODUCT_NAME = "$(TARGET_NAME)";
				SWIFT_VERSION = 5.0;
				TARGETED_DEVICE_FAMILY = "1,2";
			};
			name = Debug;
		};
		240A777A2581E42700DB60CF /* Release */ = {
			isa = XCBuildConfiguration;
			buildSettings = {
				ASSETCATALOG_COMPILER_APPICON_NAME = AppIcon;
				ASSETCATALOG_COMPILER_GLOBAL_ACCENT_COLOR_NAME = AccentColor;
				CODE_SIGN_STYLE = Automatic;
				INFOPLIST_FILE = collection/Info.plist;
				LD_RUNPATH_SEARCH_PATHS = (
					"$(inherited)",
					"@executable_path/Frameworks",
				);
				PRODUCT_BUNDLE_IDENTIFIER = arbe.collection;
				PRODUCT_NAME = "$(TARGET_NAME)";
				SWIFT_VERSION = 5.0;
				TARGETED_DEVICE_FAMILY = "1,2";
			};
			name = Release;
		};
		240A777C2581E42700DB60CF /* Debug */ = {
			isa = XCBuildConfiguration;
			buildSettings = {
				ALWAYS_EMBED_SWIFT_STANDARD_LIBRARIES = YES;
				BUNDLE_LOADER = "$(TEST_HOST)";
				CODE_SIGN_STYLE = Automatic;
				INFOPLIST_FILE = collectionTests/Info.plist;
				IPHONEOS_DEPLOYMENT_TARGET = 14.2;
				LD_RUNPATH_SEARCH_PATHS = (
					"$(inherited)",
					"@executable_path/Frameworks",
					"@loader_path/Frameworks",
				);
				PRODUCT_BUNDLE_IDENTIFIER = arbe.collectionTests;
				PRODUCT_NAME = "$(TARGET_NAME)";
				SWIFT_VERSION = 5.0;
				TARGETED_DEVICE_FAMILY = "1,2";
				TEST_HOST = "$(BUILT_PRODUCTS_DIR)/collection.app/collection";
			};
			name = Debug;
		};
		240A777D2581E42700DB60CF /* Release */ = {
			isa = XCBuildConfiguration;
			buildSettings = {
				ALWAYS_EMBED_SWIFT_STANDARD_LIBRARIES = YES;
				BUNDLE_LOADER = "$(TEST_HOST)";
				CODE_SIGN_STYLE = Automatic;
				INFOPLIST_FILE = collectionTests/Info.plist;
				IPHONEOS_DEPLOYMENT_TARGET = 14.2;
				LD_RUNPATH_SEARCH_PATHS = (
					"$(inherited)",
					"@executable_path/Frameworks",
					"@loader_path/Frameworks",
				);
				PRODUCT_BUNDLE_IDENTIFIER = arbe.collectionTests;
				PRODUCT_NAME = "$(TARGET_NAME)";
				SWIFT_VERSION = 5.0;
				TARGETED_DEVICE_FAMILY = "1,2";
				TEST_HOST = "$(BUILT_PRODUCTS_DIR)/collection.app/collection";
			};
			name = Release;
		};
		240A777F2581E42700DB60CF /* Debug */ = {
			isa = XCBuildConfiguration;
			buildSettings = {
				ALWAYS_EMBED_SWIFT_STANDARD_LIBRARIES = YES;
				CODE_SIGN_STYLE = Automatic;
				INFOPLIST_FILE = collectionUITests/Info.plist;
				LD_RUNPATH_SEARCH_PATHS = (
					"$(inherited)",
					"@executable_path/Frameworks",
					"@loader_path/Frameworks",
				);
				PRODUCT_BUNDLE_IDENTIFIER = arbe.collectionUITests;
				PRODUCT_NAME = "$(TARGET_NAME)";
				SWIFT_VERSION = 5.0;
				TARGETED_DEVICE_FAMILY = "1,2";
				TEST_TARGET_NAME = collection;
			};
			name = Debug;
		};
		240A77802581E42700DB60CF /* Release */ = {
			isa = XCBuildConfiguration;
			buildSettings = {
				ALWAYS_EMBED_SWIFT_STANDARD_LIBRARIES = YES;
				CODE_SIGN_STYLE = Automatic;
				INFOPLIST_FILE = collectionUITests/Info.plist;
				LD_RUNPATH_SEARCH_PATHS = (
					"$(inherited)",
					"@executable_path/Frameworks",
					"@loader_path/Frameworks",
				);
				PRODUCT_BUNDLE_IDENTIFIER = arbe.collectionUITests;
				PRODUCT_NAME = "$(TARGET_NAME)";
				SWIFT_VERSION = 5.0;
				TARGETED_DEVICE_FAMILY = "1,2";
				TEST_TARGET_NAME = collection;
			};
			name = Release;
		};
/* End XCBuildConfiguration section */

/* Begin XCConfigurationList section */
		240A77492581E42400DB60CF /* Build configuration list for PBXProject "collection" */ = {
			isa = XCConfigurationList;
			buildConfigurations = (
				240A77762581E42700DB60CF /* Debug */,
				240A77772581E42700DB60CF /* Release */,
			);
			defaultConfigurationIsVisible = 0;
			defaultConfigurationName = Release;
		};
		240A77782581E42700DB60CF /* Build configuration list for PBXNativeTarget "collection" */ = {
			isa = XCConfigurationList;
			buildConfigurations = (
				240A77792581E42700DB60CF /* Debug */,
				240A777A2581E42700DB60CF /* Release */,
			);
			defaultConfigurationIsVisible = 0;
			defaultConfigurationName = Release;
		};
		240A777B2581E42700DB60CF /* Build configuration list for PBXNativeTarget "collectionTests" */ = {
			isa = XCConfigurationList;
			buildConfigurations = (
				240A777C2581E42700DB60CF /* Debug */,
				240A777D2581E42700DB60CF /* Release */,
			);
			defaultConfigurationIsVisible = 0;
			defaultConfigurationName = Release;
		};
		240A777E2581E42700DB60CF /* Build configuration list for PBXNativeTarget "collectionUITests" */ = {
			isa = XCConfigurationList;
			buildConfigurations = (
				240A777F2581E42700DB60CF /* Debug */,
				240A77802581E42700DB60CF /* Release */,
			);
			defaultConfigurationIsVisible = 0;
			defaultConfigurationName = Release;
		};
/* End XCConfigurationList section */
	};
	rootObject = 240A77462581E42400DB60CF /* Project object */;
}
